
Microsoft Visual Studio Solution File, Format Version 12.00
# Visual Studio 15
VisualStudioVersion = 15.0.28307.1062
MinimumVisualStudioVersion = 10.0.40219.1
Project("{9A19103F-16F7-4668-BE54-9A1E7A4F7556}") = "Sistema.Common", "MyVet.Common\Sistema.Common.csproj", "{ACB4053E-8F76-4CE1-9AB1-FE81B9D34E6D}"
EndProject
Project("{9A19103F-16F7-4668-BE54-9A1E7A4F7556}") = "Sistema.Web", "MyVet.Web\Sistema.Web.csproj", "{25357373-3A00-456E-A883-1D95D0DB0543}"
EndProject
Global
	GlobalSection(SolutionConfigurationPlatforms) = preSolution
		Debug|Any CPU = Debug|Any CPU
		Release|Any CPU = Release|Any CPU
	EndGlobalSection
	GlobalSection(ProjectConfigurationPlatforms) = postSolution
		{ACB4053E-8F76-4CE1-9AB1-FE81B9D34E6D}.Debug|Any CPU.ActiveCfg = Debug|Any CPU
		{ACB4053E-8F76-4CE1-9AB1-FE81B9D34E6D}.Debug|Any CPU.Build.0 = Debug|Any CPU
		{ACB4053E-8F76-4CE1-9AB1-FE81B9D34E6D}.Release|Any CPU.ActiveCfg = Release|Any CPU
		{ACB4053E-8F76-4CE1-9AB1-FE81B9D34E6D}.Release|Any CPU.Build.0 = Release|Any CPU
		{25357373-3A00-456E-A883-1D95D0DB0543}.Debug|Any CPU.ActiveCfg = Debug|Any CPU
		{25357373-3A00-456E-A883-1D95D0DB0543}.Debug|Any CPU.Build.0 = Debug|Any CPU
		{25357373-3A00-456E-A883-1D95D0DB0543}.Release|Any CPU.ActiveCfg = Release|Any CPU
		{25357373-3A00-456E-A883-1D95D0DB0543}.Release|Any CPU.Build.0 = Release|Any CPU
	EndGlobalSection
	GlobalSection(SolutionProperties) = preSolution
		HideSolutionNode = FALSE
	EndGlobalSection
	GlobalSection(ExtensibilityGlobals) = postSolution
		SolutionGuid = {1006A975-DFF7-49F5-8AF8-DE2DD4611A88}
	EndGlobalSection
EndGlobal
